
Microsoft Visual Studio Solution File, Format Version 12.00
# Visual Studio Version 17
VisualStudioVersion = 17.0.32126.317
MinimumVisualStudioVersion = 10.0.40219.1
Project("{9A19103F-16F7-4668-BE54-9A1E7A4F7556}") = "Morphology", "Morphology.csproj", "{4053617D-80CB-4EC6-92C5-E42E09C11128}"
EndProject
Global
	GlobalSection(SolutionConfigurationPlatforms) = preSolution
		Debug|Any CPU = Debug|Any CPU
		Release|Any CPU = Release|Any CPU
	EndGlobalSection
	GlobalSection(ProjectConfigurationPlatforms) = postSolution
		{4053617D-80CB-4EC6-92C5-E42E09C11128}.Debug|Any CPU.ActiveCfg = Debug|Any CPU
		{4053617D-80CB-4EC6-92C5-E42E09C11128}.Debug|Any CPU.Build.0 = Debug|Any CPU
		{4053617D-80CB-4EC6-92C5-E42E09C11128}.Release|Any CPU.ActiveCfg = Release|Any CPU
		{4053617D-80CB-4EC6-92C5-E42E09C11128}.Release|Any CPU.Build.0 = Release|Any CPU
	EndGlobalSection
	GlobalSection(SolutionProperties) = preSolution
		HideSolutionNode = FALSE
	EndGlobalSection
	GlobalSection(ExtensibilityGlobals) = postSolution
		SolutionGuid = {CE219535-C619-4225-AC40-38D5CE4FED3D}
	EndGlobalSection
EndGlobal
